{
  "name": "miniprogram",
  "lockfileVersion": 2,
  "requires": true,
  "packages": {
    "": {
      "dependencies": {
        "@alicloud/mpserverless-sdk": "3.1"
      }
    },
    "node_modules/@alicloud/mpserverless-sdk": {
      "version": "3.1.2",
      "resolved": "https://registry.npmjs.org/@alicloud/mpserverless-sdk/-/mpserverless-sdk-3.1.2.tgz",
      "integrity": "sha512-2w0C3tz1WZbrcYHuc66Dl7la0Nh8y7qbVMSW8CnqObp9qk/1j3+CSX2n7jsjsiw5wrZUzZP88xH0EQW1SZ7PhQ==",
      "engines": {
        "node": ">=8.0.0"
      }
    }
  },
  "dependencies": {
    "@alicloud/mpserverless-sdk": {
      "version": "3.1.2",
      "resolved": "https://registry.npmjs.org/@alicloud/mpserverless-sdk/-/mpserverless-sdk-3.1.2.tgz",
      "integrity": "sha512-2w0C3tz1WZbrcYHuc66Dl7la0Nh8y7qbVMSW8CnqObp9qk/1j3+CSX2n7jsjsiw5wrZUzZP88xH0EQW1SZ7PhQ=="
    }
  }
}
